
Microsoft Visual Studio Solution File, Format Version 12.00
# Visual Studio Version 17
VisualStudioVersion = 17.11.35327.3
MinimumVisualStudioVersion = 10.0.40219.1
Project("{FAE04EC0-301F-11D3-BF4B-00C04F79EFBC}") = "Parse_Get-AppPackage", "Parse_Get-AppPackage\Parse_Get-AppPackage.csproj", "{EFBA15E9-1F30-498A-B861-052B3556B5E7}"
EndProject
Global
	GlobalSection(SolutionConfigurationPlatforms) = preSolution
		Debug|Any CPU = Debug|Any CPU
		Release|Any CPU = Release|Any CPU
	EndGlobalSection
	GlobalSection(ProjectConfigurationPlatforms) = postSolution
		{EFBA15E9-1F30-498A-B861-052B3556B5E7}.Debug|Any CPU.ActiveCfg = Debug|Any CPU
		{EFBA15E9-1F30-498A-B861-052B3556B5E7}.Debug|Any CPU.Build.0 = Debug|Any CPU
		{EFBA15E9-1F30-498A-B861-052B3556B5E7}.Release|Any CPU.ActiveCfg = Release|Any CPU
		{EFBA15E9-1F30-498A-B861-052B3556B5E7}.Release|Any CPU.Build.0 = Release|Any CPU
	EndGlobalSection
	GlobalSection(SolutionProperties) = preSolution
		HideSolutionNode = FALSE
	EndGlobalSection
	GlobalSection(ExtensibilityGlobals) = postSolution
		SolutionGuid = {EB20F744-31FA-4CD7-9AF7-E8AAC68A8C45}
	EndGlobalSection
EndGlobal
